
Microsoft Visual Studio Solution File, Format Version 12.00
# Visual Studio 15
VisualStudioVersion = 15.0.27703.2000
MinimumVisualStudioVersion = 10.0.40219.1
Project("{FAE04EC0-301F-11D3-BF4B-00C04F79EFBC}") = "lab29_custom_web_api", "lab29_custom_web_api\lab29_custom_web_api.csproj", "{EDF3D8DF-7AE0-4111-A3D8-180DB21BF29E}"
EndProject
Global
	GlobalSection(SolutionConfigurationPlatforms) = preSolution
		Debug|Any CPU = Debug|Any CPU
		Release|Any CPU = Release|Any CPU
	EndGlobalSection
	GlobalSection(ProjectConfigurationPlatforms) = postSolution
		{EDF3D8DF-7AE0-4111-A3D8-180DB21BF29E}.Debug|Any CPU.ActiveCfg = Debug|Any CPU
		{EDF3D8DF-7AE0-4111-A3D8-180DB21BF29E}.Debug|Any CPU.Build.0 = Debug|Any CPU
		{EDF3D8DF-7AE0-4111-A3D8-180DB21BF29E}.Release|Any CPU.ActiveCfg = Release|Any CPU
		{EDF3D8DF-7AE0-4111-A3D8-180DB21BF29E}.Release|Any CPU.Build.0 = Release|Any CPU
	EndGlobalSection
	GlobalSection(SolutionProperties) = preSolution
		HideSolutionNode = FALSE
	EndGlobalSection
	GlobalSection(ExtensibilityGlobals) = postSolution
		SolutionGuid = {5B3D4DD9-969A-46AC-BCAC-8B049DA52275}
	EndGlobalSection
EndGlobal
